{
  "requires": true,
  "lockfileVersion": 1,
  "dependencies": {
    "velocity-animate": {
      "version": "2.0.6",
      "resolved": "https://registry.npmjs.org/velocity-animate/-/velocity-animate-2.0.6.tgz",
      "integrity": "sha512-tU+/UtSo3GkIjEfk2KM4e24DvpgX0+FzfLr7XqNwm9BCvZUtbCHPq/AFutx/Mkp2bXlUS9EcX8yxu8XmzAv2Kw=="
    }
  }
}
